<?xml version="1.0" encoding="UTF-8"?>
<Project ToolsVersion="15.0" xmlns="http://schemas.microsoft.com/developer/msbuild/2003">
  <ItemGroup>
    <ClCompile Include="C:\Users\ahmed\Desktop\Graphics Lab 4-20171125T142711Z-001\Graphics Lab 4\Lab4\2Model_loading\2Model_loading.cpp">
      <Filter>Source Files</Filter>
    </ClCompile>
    <ClCompile Include="C:\Users\ahmed\Desktop\Graphics Lab 4-20171125T142711Z-001\Graphics Lab 4\Lab4\common\shader.cpp">
      <Filter>common</Filter>
    </ClCompile>
    <ClCompile Include="C:\Users\ahmed\Desktop\Graphics Lab 4-20171125T142711Z-001\Graphics Lab 4\Lab4\common\controls.cpp">
      <Filter>common</Filter>
    </ClCompile>
    <ClCompile Include="C:\Users\ahmed\Desktop\Graphics Lab 4-20171125T142711Z-001\Graphics Lab 4\Lab4\common\texture.cpp">
      <Filter>common</Filter>
    </ClCompile>
    <ClCompile Include="C:\Users\ahmed\Desktop\Graphics Lab 4-20171125T142711Z-001\Graphics Lab 4\Lab4\common\objloader.cpp">
      <Filter>common</Filter>
    </ClCompile>
  </ItemGroup>
  <ItemGroup>
    <ClInclude Include="C:\Users\ahmed\Desktop\Graphics Lab 4-20171125T142711Z-001\Graphics Lab 4\Lab4\common\shader.hpp">
      <Filter>common</Filter>
    </ClInclude>
    <ClInclude Include="C:\Users\ahmed\Desktop\Graphics Lab 4-20171125T142711Z-001\Graphics Lab 4\Lab4\common\controls.hpp">
      <Filter>common</Filter>
    </ClInclude>
    <ClInclude Include="C:\Users\ahmed\Desktop\Graphics Lab 4-20171125T142711Z-001\Graphics Lab 4\Lab4\common\texture.hpp">
      <Filter>common</Filter>
    </ClInclude>
    <ClInclude Include="C:\Users\ahmed\Desktop\Graphics Lab 4-20171125T142711Z-001\Graphics Lab 4\Lab4\common\objloader.hpp">
      <Filter>common</Filter>
    </ClInclude>
  </ItemGroup>
  <ItemGroup>
    <CustomBuild Include="C:\Users\ahmed\Desktop\Graphics Lab 4-20171125T142711Z-001\Graphics Lab 4\Lab4\CMakeLists.txt" />
  </ItemGroup>
  <ItemGroup>
    <Filter Include="Source Files">
      <UniqueIdentifier>{0FD01EAE-15E5-35D5-929F-B133DED6EFF3}</UniqueIdentifier>
    </Filter>
    <Filter Include="common">
      <UniqueIdentifier>{631AFD76-AA9E-3569-AC85-E891AEFC7161}</UniqueIdentifier>
    </Filter>
  </ItemGroup>
</Project>
