Microsoft Visual Studio Solution File, Format Version 12.00
# Visual Studio 15
Project("{8BC9CEB8-8B4A-11D0-8D11-00A0C91BC942}") = "ALL_BUILD", "ALL_BUILD.vcxproj", "{6DFB80B7-0393-3283-BE97-F92F2402CBAA}"
	ProjectSection(ProjectDependencies) = postProject
		{14DF2CE9-E4FD-3961-9E04-2C044897340C} = {14DF2CE9-E4FD-3961-9E04-2C044897340C}
		{BEA5C221-12ED-36CC-B026-987FE9C36F98} = {BEA5C221-12ED-36CC-B026-987FE9C36F98}
		{59B52D48-6B4B-3756-94DF-C74472E35155} = {59B52D48-6B4B-3756-94DF-C74472E35155}
		{B325686B-B280-3E7F-BC08-CFCCCE2095BC} = {B325686B-B280-3E7F-BC08-CFCCCE2095BC}
		{F940DF29-A677-3155-9885-57F7F494DF7E} = {F940DF29-A677-3155-9885-57F7F494DF7E}
		{AAC825AA-3D31-3E6E-AF72-7E24E162B54D} = {AAC825AA-3D31-3E6E-AF72-7E24E162B54D}
		{A2D6D0F8-3250-3F4F-95F7-2CAD52F548AC} = {A2D6D0F8-3250-3F4F-95F7-2CAD52F548AC}
		{781B726B-6A32-3CC3-9B5E-E9DA1CDD20D2} = {781B726B-6A32-3CC3-9B5E-E9DA1CDD20D2}
		{4D2843BA-29AB-3C0A-A402-B7EF0076F880} = {4D2843BA-29AB-3C0A-A402-B7EF0076F880}
		{3E7740B8-2AE2-3819-99F9-1BD1FE761A30} = {3E7740B8-2AE2-3819-99F9-1BD1FE761A30}
		{7D4EAD42-0E73-31FD-974A-A906989DD042} = {7D4EAD42-0E73-31FD-974A-A906989DD042}
		{D328A65D-B963-3EDD-B83B-3B82F15E8814} = {D328A65D-B963-3EDD-B83B-3B82F15E8814}
		{78551CAF-4516-39B0-8F62-5E9D65A61DF6} = {78551CAF-4516-39B0-8F62-5E9D65A61DF6}
	EndProjectSection
EndProject
Project("{8BC9CEB8-8B4A-11D0-8D11-00A0C91BC942}") = "1Textures", "1Textures.vcxproj", "{14DF2CE9-E4FD-3961-9E04-2C044897340C}"
	ProjectSection(ProjectDependencies) = postProject
		{781B726B-6A32-3CC3-9B5E-E9DA1CDD20D2} = {781B726B-6A32-3CC3-9B5E-E9DA1CDD20D2}
		{4D2843BA-29AB-3C0A-A402-B7EF0076F880} = {4D2843BA-29AB-3C0A-A402-B7EF0076F880}
		{7D4EAD42-0E73-31FD-974A-A906989DD042} = {7D4EAD42-0E73-31FD-974A-A906989DD042}
	EndProjectSection
EndProject
Project("{8BC9CEB8-8B4A-11D0-8D11-00A0C91BC942}") = "2Model_loading", "2Model_loading.vcxproj", "{BEA5C221-12ED-36CC-B026-987FE9C36F98}"
	ProjectSection(ProjectDependencies) = postProject
		{781B726B-6A32-3CC3-9B5E-E9DA1CDD20D2} = {781B726B-6A32-3CC3-9B5E-E9DA1CDD20D2}
		{4D2843BA-29AB-3C0A-A402-B7EF0076F880} = {4D2843BA-29AB-3C0A-A402-B7EF0076F880}
		{7D4EAD42-0E73-31FD-974A-A906989DD042} = {7D4EAD42-0E73-31FD-974A-A906989DD042}
	EndProjectSection
EndProject
Project("{8BC9CEB8-8B4A-11D0-8D11-00A0C91BC942}") = "3Lighting", "3Lighting.vcxproj", "{59B52D48-6B4B-3756-94DF-C74472E35155}"
	ProjectSection(ProjectDependencies) = postProject
		{781B726B-6A32-3CC3-9B5E-E9DA1CDD20D2} = {781B726B-6A32-3CC3-9B5E-E9DA1CDD20D2}
		{4D2843BA-29AB-3C0A-A402-B7EF0076F880} = {4D2843BA-29AB-3C0A-A402-B7EF0076F880}
		{7D4EAD42-0E73-31FD-974A-A906989DD042} = {7D4EAD42-0E73-31FD-974A-A906989DD042}
	EndProjectSection
EndProject
Project("{8BC9CEB8-8B4A-11D0-8D11-00A0C91BC942}") = "ANTTWEAKBAR_116_OGLCORE_GLFW", "external\ANTTWEAKBAR_116_OGLCORE_GLFW.vcxproj", "{B325686B-B280-3E7F-BC08-CFCCCE2095BC}"
	ProjectSection(ProjectDependencies) = postProject
		{7D4EAD42-0E73-31FD-974A-A906989DD042} = {7D4EAD42-0E73-31FD-974A-A906989DD042}
	EndProjectSection
EndProject
Project("{8BC9CEB8-8B4A-11D0-8D11-00A0C91BC942}") = "BulletCollision", "external\bullet-2.81-rev2613\src\BulletCollision\BulletCollision.vcxproj", "{F940DF29-A677-3155-9885-57F7F494DF7E}"
	ProjectSection(ProjectDependencies) = postProject
		{7D4EAD42-0E73-31FD-974A-A906989DD042} = {7D4EAD42-0E73-31FD-974A-A906989DD042}
	EndProjectSection
EndProject
Project("{8BC9CEB8-8B4A-11D0-8D11-00A0C91BC942}") = "BulletDynamics", "external\bullet-2.81-rev2613\src\BulletDynamics\BulletDynamics.vcxproj", "{AAC825AA-3D31-3E6E-AF72-7E24E162B54D}"
	ProjectSection(ProjectDependencies) = postProject
		{7D4EAD42-0E73-31FD-974A-A906989DD042} = {7D4EAD42-0E73-31FD-974A-A906989DD042}
	EndProjectSection
EndProject
Project("{8BC9CEB8-8B4A-11D0-8D11-00A0C91BC942}") = "BulletSoftBody", "external\bullet-2.81-rev2613\src\BulletSoftBody\BulletSoftBody.vcxproj", "{A2D6D0F8-3250-3F4F-95F7-2CAD52F548AC}"
	ProjectSection(ProjectDependencies) = postProject
		{7D4EAD42-0E73-31FD-974A-A906989DD042} = {7D4EAD42-0E73-31FD-974A-A906989DD042}
	EndProjectSection
EndProject
Project("{8BC9CEB8-8B4A-11D0-8D11-00A0C91BC942}") = "GLEW_190", "external\GLEW_190.vcxproj", "{781B726B-6A32-3CC3-9B5E-E9DA1CDD20D2}"
	ProjectSection(ProjectDependencies) = postProject
		{7D4EAD42-0E73-31FD-974A-A906989DD042} = {7D4EAD42-0E73-31FD-974A-A906989DD042}
	EndProjectSection
EndProject
Project("{8BC9CEB8-8B4A-11D0-8D11-00A0C91BC942}") = "GLFW_276", "external\GLFW_276.vcxproj", "{4D2843BA-29AB-3C0A-A402-B7EF0076F880}"
	ProjectSection(ProjectDependencies) = postProject
		{7D4EAD42-0E73-31FD-974A-A906989DD042} = {7D4EAD42-0E73-31FD-974A-A906989DD042}
	EndProjectSection
EndProject
Project("{8BC9CEB8-8B4A-11D0-8D11-00A0C91BC942}") = "INSTALL", "INSTALL.vcxproj", "{448EF75F-8A8E-37F8-9986-1481B0B40AA3}"
	ProjectSection(ProjectDependencies) = postProject
		{6DFB80B7-0393-3283-BE97-F92F2402CBAA} = {6DFB80B7-0393-3283-BE97-F92F2402CBAA}
		{7D4EAD42-0E73-31FD-974A-A906989DD042} = {7D4EAD42-0E73-31FD-974A-A906989DD042}
	EndProjectSection
EndProject
Project("{8BC9CEB8-8B4A-11D0-8D11-00A0C91BC942}") = "LinearMath", "external\bullet-2.81-rev2613\src\LinearMath\LinearMath.vcxproj", "{3E7740B8-2AE2-3819-99F9-1BD1FE761A30}"
	ProjectSection(ProjectDependencies) = postProject
		{7D4EAD42-0E73-31FD-974A-A906989DD042} = {7D4EAD42-0E73-31FD-974A-A906989DD042}
	EndProjectSection
EndProject
Project("{8BC9CEB8-8B4A-11D0-8D11-00A0C91BC942}") = "ZERO_CHECK", "ZERO_CHECK.vcxproj", "{7D4EAD42-0E73-31FD-974A-A906989DD042}"
	ProjectSection(ProjectDependencies) = postProject
	EndProjectSection
EndProject
Project("{8BC9CEB8-8B4A-11D0-8D11-00A0C91BC942}") = "assimp", "external\assimp-3.0.1270\code\assimp.vcxproj", "{D328A65D-B963-3EDD-B83B-3B82F15E8814}"
	ProjectSection(ProjectDependencies) = postProject
		{7D4EAD42-0E73-31FD-974A-A906989DD042} = {7D4EAD42-0E73-31FD-974A-A906989DD042}
		{78551CAF-4516-39B0-8F62-5E9D65A61DF6} = {78551CAF-4516-39B0-8F62-5E9D65A61DF6}
	EndProjectSection
EndProject
Project("{8BC9CEB8-8B4A-11D0-8D11-00A0C91BC942}") = "zlib", "external\assimp-3.0.1270\contrib\zlib\zlib.vcxproj", "{78551CAF-4516-39B0-8F62-5E9D65A61DF6}"
	ProjectSection(ProjectDependencies) = postProject
		{7D4EAD42-0E73-31FD-974A-A906989DD042} = {7D4EAD42-0E73-31FD-974A-A906989DD042}
	EndProjectSection
EndProject
Global
	GlobalSection(SolutionConfigurationPlatforms) = preSolution
		Debug|Win32 = Debug|Win32
		Release|Win32 = Release|Win32
		MinSizeRel|Win32 = MinSizeRel|Win32
		RelWithDebInfo|Win32 = RelWithDebInfo|Win32
	EndGlobalSection
	GlobalSection(ProjectConfigurationPlatforms) = postSolution
		{6DFB80B7-0393-3283-BE97-F92F2402CBAA}.Debug|Win32.ActiveCfg = Debug|Win32
		{6DFB80B7-0393-3283-BE97-F92F2402CBAA}.Debug|Win32.Build.0 = Debug|Win32
		{6DFB80B7-0393-3283-BE97-F92F2402CBAA}.Release|Win32.ActiveCfg = Release|Win32
		{6DFB80B7-0393-3283-BE97-F92F2402CBAA}.Release|Win32.Build.0 = Release|Win32
		{6DFB80B7-0393-3283-BE97-F92F2402CBAA}.MinSizeRel|Win32.ActiveCfg = MinSizeRel|Win32
		{6DFB80B7-0393-3283-BE97-F92F2402CBAA}.MinSizeRel|Win32.Build.0 = MinSizeRel|Win32
		{6DFB80B7-0393-3283-BE97-F92F2402CBAA}.RelWithDebInfo|Win32.ActiveCfg = RelWithDebInfo|Win32
		{6DFB80B7-0393-3283-BE97-F92F2402CBAA}.RelWithDebInfo|Win32.Build.0 = RelWithDebInfo|Win32
		{14DF2CE9-E4FD-3961-9E04-2C044897340C}.Debug|Win32.ActiveCfg = Debug|Win32
		{14DF2CE9-E4FD-3961-9E04-2C044897340C}.Debug|Win32.Build.0 = Debug|Win32
		{14DF2CE9-E4FD-3961-9E04-2C044897340C}.Release|Win32.ActiveCfg = Release|Win32
		{14DF2CE9-E4FD-3961-9E04-2C044897340C}.Release|Win32.Build.0 = Release|Win32
		{14DF2CE9-E4FD-3961-9E04-2C044897340C}.MinSizeRel|Win32.ActiveCfg = MinSizeRel|Win32
		{14DF2CE9-E4FD-3961-9E04-2C044897340C}.MinSizeRel|Win32.Build.0 = MinSizeRel|Win32
		{14DF2CE9-E4FD-3961-9E04-2C044897340C}.RelWithDebInfo|Win32.ActiveCfg = RelWithDebInfo|Win32
		{14DF2CE9-E4FD-3961-9E04-2C044897340C}.RelWithDebInfo|Win32.Build.0 = RelWithDebInfo|Win32
		{BEA5C221-12ED-36CC-B026-987FE9C36F98}.Debug|Win32.ActiveCfg = Debug|Win32
		{BEA5C221-12ED-36CC-B026-987FE9C36F98}.Debug|Win32.Build.0 = Debug|Win32
		{BEA5C221-12ED-36CC-B026-987FE9C36F98}.Release|Win32.ActiveCfg = Release|Win32
		{BEA5C221-12ED-36CC-B026-987FE9C36F98}.Release|Win32.Build.0 = Release|Win32
		{BEA5C221-12ED-36CC-B026-987FE9C36F98}.MinSizeRel|Win32.ActiveCfg = MinSizeRel|Win32
		{BEA5C221-12ED-36CC-B026-987FE9C36F98}.MinSizeRel|Win32.Build.0 = MinSizeRel|Win32
		{BEA5C221-12ED-36CC-B026-987FE9C36F98}.RelWithDebInfo|Win32.ActiveCfg = RelWithDebInfo|Win32
		{BEA5C221-12ED-36CC-B026-987FE9C36F98}.RelWithDebInfo|Win32.Build.0 = RelWithDebInfo|Win32
		{59B52D48-6B4B-3756-94DF-C74472E35155}.Debug|Win32.ActiveCfg = Debug|Win32
		{59B52D48-6B4B-3756-94DF-C74472E35155}.Debug|Win32.Build.0 = Debug|Win32
		{59B52D48-6B4B-3756-94DF-C74472E35155}.Release|Win32.ActiveCfg = Release|Win32
		{59B52D48-6B4B-3756-94DF-C74472E35155}.Release|Win32.Build.0 = Release|Win32
		{59B52D48-6B4B-3756-94DF-C74472E35155}.MinSizeRel|Win32.ActiveCfg = MinSizeRel|Win32
		{59B52D48-6B4B-3756-94DF-C74472E35155}.MinSizeRel|Win32.Build.0 = MinSizeRel|Win32
		{59B52D48-6B4B-3756-94DF-C74472E35155}.RelWithDebInfo|Win32.ActiveCfg = RelWithDebInfo|Win32
		{59B52D48-6B4B-3756-94DF-C74472E35155}.RelWithDebInfo|Win32.Build.0 = RelWithDebInfo|Win32
		{B325686B-B280-3E7F-BC08-CFCCCE2095BC}.Debug|Win32.ActiveCfg = Debug|Win32
		{B325686B-B280-3E7F-BC08-CFCCCE2095BC}.Debug|Win32.Build.0 = Debug|Win32
		{B325686B-B280-3E7F-BC08-CFCCCE2095BC}.Release|Win32.ActiveCfg = Release|Win32
		{B325686B-B280-3E7F-BC08-CFCCCE2095BC}.Release|Win32.Build.0 = Release|Win32
		{B325686B-B280-3E7F-BC08-CFCCCE2095BC}.MinSizeRel|Win32.ActiveCfg = MinSizeRel|Win32
		{B325686B-B280-3E7F-BC08-CFCCCE2095BC}.MinSizeRel|Win32.Build.0 = MinSizeRel|Win32
		{B325686B-B280-3E7F-BC08-CFCCCE2095BC}.RelWithDebInfo|Win32.ActiveCfg = RelWithDebInfo|Win32
		{B325686B-B280-3E7F-BC08-CFCCCE2095BC}.RelWithDebInfo|Win32.Build.0 = RelWithDebInfo|Win32
		{F940DF29-A677-3155-9885-57F7F494DF7E}.Debug|Win32.ActiveCfg = Debug|Win32
		{F940DF29-A677-3155-9885-57F7F494DF7E}.Debug|Win32.Build.0 = Debug|Win32
		{F940DF29-A677-3155-9885-57F7F494DF7E}.Release|Win32.ActiveCfg = Release|Win32
		{F940DF29-A677-3155-9885-57F7F494DF7E}.Release|Win32.Build.0 = Release|Win32
		{F940DF29-A677-3155-9885-57F7F494DF7E}.MinSizeRel|Win32.ActiveCfg = MinSizeRel|Win32
		{F940DF29-A677-3155-9885-57F7F494DF7E}.MinSizeRel|Win32.Build.0 = MinSizeRel|Win32
		{F940DF29-A677-3155-9885-57F7F494DF7E}.RelWithDebInfo|Win32.ActiveCfg = RelWithDebInfo|Win32
		{F940DF29-A677-3155-9885-57F7F494DF7E}.RelWithDebInfo|Win32.Build.0 = RelWithDebInfo|Win32
		{AAC825AA-3D31-3E6E-AF72-7E24E162B54D}.Debug|Win32.ActiveCfg = Debug|Win32
		{AAC825AA-3D31-3E6E-AF72-7E24E162B54D}.Debug|Win32.Build.0 = Debug|Win32
		{AAC825AA-3D31-3E6E-AF72-7E24E162B54D}.Release|Win32.ActiveCfg = Release|Win32
		{AAC825AA-3D31-3E6E-AF72-7E24E162B54D}.Release|Win32.Build.0 = Release|Win32
		{AAC825AA-3D31-3E6E-AF72-7E24E162B54D}.MinSizeRel|Win32.ActiveCfg = MinSizeRel|Win32
		{AAC825AA-3D31-3E6E-AF72-7E24E162B54D}.MinSizeRel|Win32.Build.0 = MinSizeRel|Win32
		{AAC825AA-3D31-3E6E-AF72-7E24E162B54D}.RelWithDebInfo|Win32.ActiveCfg = RelWithDebInfo|Win32
		{AAC825AA-3D31-3E6E-AF72-7E24E162B54D}.RelWithDebInfo|Win32.Build.0 = RelWithDebInfo|Win32
		{A2D6D0F8-3250-3F4F-95F7-2CAD52F548AC}.Debug|Win32.ActiveCfg = Debug|Win32
		{A2D6D0F8-3250-3F4F-95F7-2CAD52F548AC}.Debug|Win32.Build.0 = Debug|Win32
		{A2D6D0F8-3250-3F4F-95F7-2CAD52F548AC}.Release|Win32.ActiveCfg = Release|Win32
		{A2D6D0F8-3250-3F4F-95F7-2CAD52F548AC}.Release|Win32.Build.0 = Release|Win32
		{A2D6D0F8-3250-3F4F-95F7-2CAD52F548AC}.MinSizeRel|Win32.ActiveCfg = MinSizeRel|Win32
		{A2D6D0F8-3250-3F4F-95F7-2CAD52F548AC}.MinSizeRel|Win32.Build.0 = MinSizeRel|Win32
		{A2D6D0F8-3250-3F4F-95F7-2CAD52F548AC}.RelWithDebInfo|Win32.ActiveCfg = RelWithDebInfo|Win32
		{A2D6D0F8-3250-3F4F-95F7-2CAD52F548AC}.RelWithDebInfo|Win32.Build.0 = RelWithDebInfo|Win32
		{781B726B-6A32-3CC3-9B5E-E9DA1CDD20D2}.Debug|Win32.ActiveCfg = Debug|Win32
		{781B726B-6A32-3CC3-9B5E-E9DA1CDD20D2}.Debug|Win32.Build.0 = Debug|Win32
		{781B726B-6A32-3CC3-9B5E-E9DA1CDD20D2}.Release|Win32.ActiveCfg = Release|Win32
		{781B726B-6A32-3CC3-9B5E-E9DA1CDD20D2}.Release|Win32.Build.0 = Release|Win32
		{781B726B-6A32-3CC3-9B5E-E9DA1CDD20D2}.MinSizeRel|Win32.ActiveCfg = MinSizeRel|Win32
		{781B726B-6A32-3CC3-9B5E-E9DA1CDD20D2}.MinSizeRel|Win32.Build.0 = MinSizeRel|Win32
		{781B726B-6A32-3CC3-9B5E-E9DA1CDD20D2}.RelWithDebInfo|Win32.ActiveCfg = RelWithDebInfo|Win32
		{781B726B-6A32-3CC3-9B5E-E9DA1CDD20D2}.RelWithDebInfo|Win32.Build.0 = RelWithDebInfo|Win32
		{4D2843BA-29AB-3C0A-A402-B7EF0076F880}.Debug|Win32.ActiveCfg = Debug|Win32
		{4D2843BA-29AB-3C0A-A402-B7EF0076F880}.Debug|Win32.Build.0 = Debug|Win32
		{4D2843BA-29AB-3C0A-A402-B7EF0076F880}.Release|Win32.ActiveCfg = Release|Win32
		{4D2843BA-29AB-3C0A-A402-B7EF0076F880}.Release|Win32.Build.0 = Release|Win32
		{4D2843BA-29AB-3C0A-A402-B7EF0076F880}.MinSizeRel|Win32.ActiveCfg = MinSizeRel|Win32
		{4D2843BA-29AB-3C0A-A402-B7EF0076F880}.MinSizeRel|Win32.Build.0 = MinSizeRel|Win32
		{4D2843BA-29AB-3C0A-A402-B7EF0076F880}.RelWithDebInfo|Win32.ActiveCfg = RelWithDebInfo|Win32
		{4D2843BA-29AB-3C0A-A402-B7EF0076F880}.RelWithDebInfo|Win32.Build.0 = RelWithDebInfo|Win32
		{448EF75F-8A8E-37F8-9986-1481B0B40AA3}.Debug|Win32.ActiveCfg = Debug|Win32
		{448EF75F-8A8E-37F8-9986-1481B0B40AA3}.Release|Win32.ActiveCfg = Release|Win32
		{448EF75F-8A8E-37F8-9986-1481B0B40AA3}.MinSizeRel|Win32.ActiveCfg = MinSizeRel|Win32
		{448EF75F-8A8E-37F8-9986-1481B0B40AA3}.RelWithDebInfo|Win32.ActiveCfg = RelWithDebInfo|Win32
		{3E7740B8-2AE2-3819-99F9-1BD1FE761A30}.Debug|Win32.ActiveCfg = Debug|Win32
		{3E7740B8-2AE2-3819-99F9-1BD1FE761A30}.Debug|Win32.Build.0 = Debug|Win32
		{3E7740B8-2AE2-3819-99F9-1BD1FE761A30}.Release|Win32.ActiveCfg = Release|Win32
		{3E7740B8-2AE2-3819-99F9-1BD1FE761A30}.Release|Win32.Build.0 = Release|Win32
		{3E7740B8-2AE2-3819-99F9-1BD1FE761A30}.MinSizeRel|Win32.ActiveCfg = MinSizeRel|Win32
		{3E7740B8-2AE2-3819-99F9-1BD1FE761A30}.MinSizeRel|Win32.Build.0 = MinSizeRel|Win32
		{3E7740B8-2AE2-3819-99F9-1BD1FE761A30}.RelWithDebInfo|Win32.ActiveCfg = RelWithDebInfo|Win32
		{3E7740B8-2AE2-3819-99F9-1BD1FE761A30}.RelWithDebInfo|Win32.Build.0 = RelWithDebInfo|Win32
		{7D4EAD42-0E73-31FD-974A-A906989DD042}.Debug|Win32.ActiveCfg = Debug|Win32
		{7D4EAD42-0E73-31FD-974A-A906989DD042}.Debug|Win32.Build.0 = Debug|Win32
		{7D4EAD42-0E73-31FD-974A-A906989DD042}.Release|Win32.ActiveCfg = Release|Win32
		{7D4EAD42-0E73-31FD-974A-A906989DD042}.Release|Win32.Build.0 = Release|Win32
		{7D4EAD42-0E73-31FD-974A-A906989DD042}.MinSizeRel|Win32.ActiveCfg = MinSizeRel|Win32
		{7D4EAD42-0E73-31FD-974A-A906989DD042}.MinSizeRel|Win32.Build.0 = MinSizeRel|Win32
		{7D4EAD42-0E73-31FD-974A-A906989DD042}.RelWithDebInfo|Win32.ActiveCfg = RelWithDebInfo|Win32
		{7D4EAD42-0E73-31FD-974A-A906989DD042}.RelWithDebInfo|Win32.Build.0 = RelWithDebInfo|Win32
		{D328A65D-B963-3EDD-B83B-3B82F15E8814}.Debug|Win32.ActiveCfg = Debug|Win32
		{D328A65D-B963-3EDD-B83B-3B82F15E8814}.Debug|Win32.Build.0 = Debug|Win32
		{D328A65D-B963-3EDD-B83B-3B82F15E8814}.Release|Win32.ActiveCfg = Release|Win32
		{D328A65D-B963-3EDD-B83B-3B82F15E8814}.Release|Win32.Build.0 = Release|Win32
		{D328A65D-B963-3EDD-B83B-3B82F15E8814}.MinSizeRel|Win32.ActiveCfg = MinSizeRel|Win32
		{D328A65D-B963-3EDD-B83B-3B82F15E8814}.MinSizeRel|Win32.Build.0 = MinSizeRel|Win32
		{D328A65D-B963-3EDD-B83B-3B82F15E8814}.RelWithDebInfo|Win32.ActiveCfg = RelWithDebInfo|Win32
		{D328A65D-B963-3EDD-B83B-3B82F15E8814}.RelWithDebInfo|Win32.Build.0 = RelWithDebInfo|Win32
		{78551CAF-4516-39B0-8F62-5E9D65A61DF6}.Debug|Win32.ActiveCfg = Debug|Win32
		{78551CAF-4516-39B0-8F62-5E9D65A61DF6}.Debug|Win32.Build.0 = Debug|Win32
		{78551CAF-4516-39B0-8F62-5E9D65A61DF6}.Release|Win32.ActiveCfg = Release|Win32
		{78551CAF-4516-39B0-8F62-5E9D65A61DF6}.Release|Win32.Build.0 = Release|Win32
		{78551CAF-4516-39B0-8F62-5E9D65A61DF6}.MinSizeRel|Win32.ActiveCfg = MinSizeRel|Win32
		{78551CAF-4516-39B0-8F62-5E9D65A61DF6}.MinSizeRel|Win32.Build.0 = MinSizeRel|Win32
		{78551CAF-4516-39B0-8F62-5E9D65A61DF6}.RelWithDebInfo|Win32.ActiveCfg = RelWithDebInfo|Win32
		{78551CAF-4516-39B0-8F62-5E9D65A61DF6}.RelWithDebInfo|Win32.Build.0 = RelWithDebInfo|Win32
	EndGlobalSection
	GlobalSection(ExtensibilityGlobals) = postSolution
		SolutionGuid = {C8ABF245-F63A-35FA-9269-160538670BD1}
	EndGlobalSection
	GlobalSection(ExtensibilityAddIns) = postSolution
	EndGlobalSection
EndGlobal
